
Microsoft Visual Studio Solution File, Format Version 12.00
# Visual Studio Version 16
VisualStudioVersion = 16.0.31424.327
MinimumVisualStudioVersion = 10.0.40219.1
Project("{9A19103F-16F7-4668-BE54-9A1E7A4F7556}") = "BOOPM3_08_01", "BOOPM3_08_01\BOOPM3_08_01.csproj", "{ABD0B152-43C7-4FED-9D17-360A74ACC0D9}"
EndProject
Project("{9A19103F-16F7-4668-BE54-9A1E7A4F7556}") = "BOOPM3_08_03", "BOOPM3_08_03\BOOPM3_08_03.csproj", "{A4192AC8-A82F-4FC8-A66F-C37059A8544E}"
EndProject
Project("{9A19103F-16F7-4668-BE54-9A1E7A4F7556}") = "BOOPM3_08_02a", "BOOPM3_08_02a\BOOPM3_08_02a.csproj", "{56830B86-6183-4885-A8AF-509237DFFC5A}"
EndProject
Project("{9A19103F-16F7-4668-BE54-9A1E7A4F7556}") = "BOOPM3_08_02b", "BOOPM3_08_02b\BOOPM3_08_02b.csproj", "{F7F8BF43-A510-4A21-BB5E-1380821DA49E}"
EndProject
Project("{9A19103F-16F7-4668-BE54-9A1E7A4F7556}") = "BOOPM3_08_04", "BOOPM3_08_04\BOOPM3_08_04.csproj", "{724A64E0-0CC8-49F1-9068-6D353D21332A}"
EndProject
Project("{9A19103F-16F7-4668-BE54-9A1E7A4F7556}") = "BOOPM3_08_05", "BOOPM3_08_05\BOOPM3_08_05.csproj", "{205CEEFB-C8BB-4F10-A08F-2711B2294960}"
EndProject
Project("{9A19103F-16F7-4668-BE54-9A1E7A4F7556}") = "BOOPM3_08_06", "BOOPM3_08_06\BOOPM3_08_06.csproj", "{4DCB726D-090C-44B2-94A6-F530CAD23394}"
EndProject
Project("{9A19103F-16F7-4668-BE54-9A1E7A4F7556}") = "BOOPM3_08_07", "BOOPM3_08_07\BOOPM3_08_07.csproj", "{AD79AC41-011E-4887-A90E-A6D7B45C3E3D}"
EndProject
Project("{FAE04EC0-301F-11D3-BF4B-00C04F79EFBC}") = "BOOPM3_08_08", "BOOPM3_08_08\BOOPM3_08_08.csproj", "{3BB4B063-AD82-4F94-9F20-5389E3F6E5DD}"
EndProject
Project("{FAE04EC0-301F-11D3-BF4B-00C04F79EFBC}") = "BOOPM3_08_09", "BOOPM3_08_09\BOOPM3_08_09.csproj", "{3E6CC3EA-E60D-4D58-B746-AB29C8286AB3}"
EndProject
Project("{FAE04EC0-301F-11D3-BF4B-00C04F79EFBC}") = "BOOPM3_08_10", "BOOPM3_08_10\BOOPM3_08_10.csproj", "{CCE9E0D4-2FBD-4375-830E-75AD121DBFCD}"
EndProject
Global
	GlobalSection(SolutionConfigurationPlatforms) = preSolution
		Debug|Any CPU = Debug|Any CPU
		Release|Any CPU = Release|Any CPU
	EndGlobalSection
	GlobalSection(ProjectConfigurationPlatforms) = postSolution
		{ABD0B152-43C7-4FED-9D17-360A74ACC0D9}.Debug|Any CPU.ActiveCfg = Debug|Any CPU
		{ABD0B152-43C7-4FED-9D17-360A74ACC0D9}.Debug|Any CPU.Build.0 = Debug|Any CPU
		{ABD0B152-43C7-4FED-9D17-360A74ACC0D9}.Release|Any CPU.ActiveCfg = Release|Any CPU
		{ABD0B152-43C7-4FED-9D17-360A74ACC0D9}.Release|Any CPU.Build.0 = Release|Any CPU
		{A4192AC8-A82F-4FC8-A66F-C37059A8544E}.Debug|Any CPU.ActiveCfg = Debug|Any CPU
		{A4192AC8-A82F-4FC8-A66F-C37059A8544E}.Debug|Any CPU.Build.0 = Debug|Any CPU
		{A4192AC8-A82F-4FC8-A66F-C37059A8544E}.Release|Any CPU.ActiveCfg = Release|Any CPU
		{A4192AC8-A82F-4FC8-A66F-C37059A8544E}.Release|Any CPU.Build.0 = Release|Any CPU
		{56830B86-6183-4885-A8AF-509237DFFC5A}.Debug|Any CPU.ActiveCfg = Debug|Any CPU
		{56830B86-6183-4885-A8AF-509237DFFC5A}.Debug|Any CPU.Build.0 = Debug|Any CPU
		{56830B86-6183-4885-A8AF-509237DFFC5A}.Release|Any CPU.ActiveCfg = Release|Any CPU
		{56830B86-6183-4885-A8AF-509237DFFC5A}.Release|Any CPU.Build.0 = Release|Any CPU
		{F7F8BF43-A510-4A21-BB5E-1380821DA49E}.Debug|Any CPU.ActiveCfg = Debug|Any CPU
		{F7F8BF43-A510-4A21-BB5E-1380821DA49E}.Debug|Any CPU.Build.0 = Debug|Any CPU
		{F7F8BF43-A510-4A21-BB5E-1380821DA49E}.Release|Any CPU.ActiveCfg = Release|Any CPU
		{F7F8BF43-A510-4A21-BB5E-1380821DA49E}.Release|Any CPU.Build.0 = Release|Any CPU
		{724A64E0-0CC8-49F1-9068-6D353D21332A}.Debug|Any CPU.ActiveCfg = Debug|Any CPU
		{724A64E0-0CC8-49F1-9068-6D353D21332A}.Debug|Any CPU.Build.0 = Debug|Any CPU
		{724A64E0-0CC8-49F1-9068-6D353D21332A}.Release|Any CPU.ActiveCfg = Release|Any CPU
		{724A64E0-0CC8-49F1-9068-6D353D21332A}.Release|Any CPU.Build.0 = Release|Any CPU
		{205CEEFB-C8BB-4F10-A08F-2711B2294960}.Debug|Any CPU.ActiveCfg = Debug|Any CPU
		{205CEEFB-C8BB-4F10-A08F-2711B2294960}.Debug|Any CPU.Build.0 = Debug|Any CPU
		{205CEEFB-C8BB-4F10-A08F-2711B2294960}.Release|Any CPU.ActiveCfg = Release|Any CPU
		{205CEEFB-C8BB-4F10-A08F-2711B2294960}.Release|Any CPU.Build.0 = Release|Any CPU
		{4DCB726D-090C-44B2-94A6-F530CAD23394}.Debug|Any CPU.ActiveCfg = Debug|Any CPU
		{4DCB726D-090C-44B2-94A6-F530CAD23394}.Debug|Any CPU.Build.0 = Debug|Any CPU
		{4DCB726D-090C-44B2-94A6-F530CAD23394}.Release|Any CPU.ActiveCfg = Release|Any CPU
		{4DCB726D-090C-44B2-94A6-F530CAD23394}.Release|Any CPU.Build.0 = Release|Any CPU
		{AD79AC41-011E-4887-A90E-A6D7B45C3E3D}.Debug|Any CPU.ActiveCfg = Debug|Any CPU
		{AD79AC41-011E-4887-A90E-A6D7B45C3E3D}.Debug|Any CPU.Build.0 = Debug|Any CPU
		{AD79AC41-011E-4887-A90E-A6D7B45C3E3D}.Release|Any CPU.ActiveCfg = Release|Any CPU
		{AD79AC41-011E-4887-A90E-A6D7B45C3E3D}.Release|Any CPU.Build.0 = Release|Any CPU
		{3BB4B063-AD82-4F94-9F20-5389E3F6E5DD}.Debug|Any CPU.ActiveCfg = Debug|Any CPU
		{3BB4B063-AD82-4F94-9F20-5389E3F6E5DD}.Debug|Any CPU.Build.0 = Debug|Any CPU
		{3BB4B063-AD82-4F94-9F20-5389E3F6E5DD}.Release|Any CPU.ActiveCfg = Release|Any CPU
		{3BB4B063-AD82-4F94-9F20-5389E3F6E5DD}.Release|Any CPU.Build.0 = Release|Any CPU
		{3E6CC3EA-E60D-4D58-B746-AB29C8286AB3}.Debug|Any CPU.ActiveCfg = Debug|Any CPU
		{3E6CC3EA-E60D-4D58-B746-AB29C8286AB3}.Debug|Any CPU.Build.0 = Debug|Any CPU
		{3E6CC3EA-E60D-4D58-B746-AB29C8286AB3}.Release|Any CPU.ActiveCfg = Release|Any CPU
		{3E6CC3EA-E60D-4D58-B746-AB29C8286AB3}.Release|Any CPU.Build.0 = Release|Any CPU
		{CCE9E0D4-2FBD-4375-830E-75AD121DBFCD}.Debug|Any CPU.ActiveCfg = Debug|Any CPU
		{CCE9E0D4-2FBD-4375-830E-75AD121DBFCD}.Debug|Any CPU.Build.0 = Debug|Any CPU
		{CCE9E0D4-2FBD-4375-830E-75AD121DBFCD}.Release|Any CPU.ActiveCfg = Release|Any CPU
		{CCE9E0D4-2FBD-4375-830E-75AD121DBFCD}.Release|Any CPU.Build.0 = Release|Any CPU
	EndGlobalSection
	GlobalSection(SolutionProperties) = preSolution
		HideSolutionNode = FALSE
	EndGlobalSection
	GlobalSection(ExtensibilityGlobals) = postSolution
		SolutionGuid = {B51F6E15-0F63-46E4-83B9-30EFB0F1001F}
	EndGlobalSection
EndGlobal
